PODS:
  - AEXML (4.3.0)
  - SSZipArchive (2.1.4)

DEPENDENCIES:
  - AEXML
  - SSZipArchive

SPEC REPOS:
  https://github.com/cocoapods/specs.git:
    - AEXML
    - SSZipArchive

SPEC CHECKSUMS:
  AEXML: bae92c01e0da64132fd72f748721cda07466032b
  SSZipArchive: 41455d4b8d2b6ab93990820b50dc697c2554a322

PODFILE CHECKSUM: aa136deb5d16d180551c3aca26030a9640c6b0e5

COCOAPODS: 1.5.3
