// !$*UTF8*$!
{
	archiveVersion = 1;
	classes = {
	};
	objectVersion = 50;
	objects = {

/* Begin PBXBuildFile section */
		45229A62214ED16E00BBC4C4 /* AppDelegate.swift in Sources */ = {isa = PBXBuildFile; fileRef = 45229A61214ED16E00BBC4C4 /* AppDelegate.swift */; };
		45229A64214ED16E00BBC4C4 /* ViewController.swift in Sources */ = {isa = PBXBuildFile; fileRef = 45229A63214ED16E00BBC4C4 /* ViewController.swift */; };
		45229A67214ED16E00BBC4C4 /* Main.storyboard in Resources */ = {isa = PBXBuildFile; fileRef = 45229A65214ED16E00BBC4C4 /* Main.storyboard */; };
		45229A69214ED17000BBC4C4 /* Assets.xcassets in Resources */ = {isa = PBXBuildFile; fileRef = 45229A68214ED17000BBC4C4 /* Assets.xcassets */; };
		45229A6C214ED17000BBC4C4 /* LaunchScreen.storyboard in Resources */ = {isa = PBXBuildFile; fileRef = 45229A6A214ED17000BBC4C4 /* LaunchScreen.storyboard */; };
		45239796214ED338004821C4 /* small.epub in Resources */ = {isa = PBXBuildFile; fileRef = 45239795214ED337004821C4 /* small.epub */; };
		45239798214ED350004821C4 /* big.epub in Resources */ = {isa = PBXBuildFile; fileRef = 45239797214ED34F004821C4 /* big.epub */; };
		4523979B214ED873004821C4 /* Epub.swift in Sources */ = {isa = PBXBuildFile; fileRef = 4523979A214ED873004821C4 /* Epub.swift */; };
		452397C7214EDC97004821C4 /* Extensions.swift in Sources */ = {isa = PBXBuildFile; fileRef = 452397C6214EDC96004821C4 /* Extensions.swift */; };
		45E5332421537A1F006E59A0 /* WeakObjectCollection.swift in Sources */ = {isa = PBXBuildFile; fileRef = 45E5331E21537A1E006E59A0 /* WeakObjectCollection.swift */; };
		45E5332521537A1F006E59A0 /* Observable.swift in Sources */ = {isa = PBXBuildFile; fileRef = 45E5331F21537A1E006E59A0 /* Observable.swift */; };
		45E5332621537A1F006E59A0 /* AutoLayout.swift in Sources */ = {isa = PBXBuildFile; fileRef = 45E5332021537A1E006E59A0 /* AutoLayout.swift */; };
		45E5332721537A1F006E59A0 /* Bindable.swift in Sources */ = {isa = PBXBuildFile; fileRef = 45E5332121537A1E006E59A0 /* Bindable.swift */; };
		45E5332C21537CD1006E59A0 /* ChapterCellView.xib in Resources */ = {isa = PBXBuildFile; fileRef = 45E5332B21537CD1006E59A0 /* ChapterCellView.xib */; };
		45E5332E21537CDF006E59A0 /* ChapterCellView.swift in Sources */ = {isa = PBXBuildFile; fileRef = 45E5332D21537CDF006E59A0 /* ChapterCellView.swift */; };
		45E53330215382B6006E59A0 /* Window.swift in Sources */ = {isa = PBXBuildFile; fileRef = 45E5332F215382B5006E59A0 /* Window.swift */; };
		45E533432154B9E9006E59A0 /* FRBook.swift in Sources */ = {isa = PBXBuildFile; fileRef = 45E533392154B9E7006E59A0 /* FRBook.swift */; };
		45E533442154B9E9006E59A0 /* MediaType.swift in Sources */ = {isa = PBXBuildFile; fileRef = 45E5333A2154B9E7006E59A0 /* MediaType.swift */; };
		45E533452154B9E9006E59A0 /* FRTocReference.swift in Sources */ = {isa = PBXBuildFile; fileRef = 45E5333B2154B9E7006E59A0 /* FRTocReference.swift */; };
		45E533462154B9E9006E59A0 /* FRResources.swift in Sources */ = {isa = PBXBuildFile; fileRef = 45E5333C2154B9E7006E59A0 /* FRResources.swift */; };
		45E533472154B9E9006E59A0 /* FRMetadata.swift in Sources */ = {isa = PBXBuildFile; fileRef = 45E5333D2154B9E8006E59A0 /* FRMetadata.swift */; };
		45E533482154B9E9006E59A0 /* FRSmils.swift in Sources */ = {isa = PBXBuildFile; fileRef = 45E5333E2154B9E8006E59A0 /* FRSmils.swift */; };
		45E533492154B9E9006E59A0 /* FRSmilElement.swift in Sources */ = {isa = PBXBuildFile; fileRef = 45E5333F2154B9E8006E59A0 /* FRSmilElement.swift */; };
		45E5334A2154B9E9006E59A0 /* FRResource.swift in Sources */ = {isa = PBXBuildFile; fileRef = 45E533402154B9E8006E59A0 /* FRResource.swift */; };
		45E5334B2154B9E9006E59A0 /* FREpubParser.swift in Sources */ = {isa = PBXBuildFile; fileRef = 45E533412154B9E8006E59A0 /* FREpubParser.swift */; };
		45E5334C2154B9E9006E59A0 /* FRSpine.swift in Sources */ = {isa = PBXBuildFile; fileRef = 45E533422154B9E8006E59A0 /* FRSpine.swift */; };
		A757B9E752443118C67D9FA8 /* Pods_Reader.framework in Frameworks */ = {isa = PBXBuildFile; fileRef = 1F4D38EAE70FE09924EAAC26 /* Pods_Reader.framework */; };
/* End PBXBuildFile section */

/* Begin PBXFileReference section */
		1F4D38EAE70FE09924EAAC26 /* Pods_Reader.framework */ = {isa = PBXFileReference; explicitFileType = wrapper.framework; includeInIndex = 0; path = Pods_Reader.framework; sourceTree = BUILT_PRODUCTS_DIR; };
		45229A5E214ED16E00BBC4C4 /* Reader.app */ = {isa = PBXFileReference; explicitFileType = wrapper.application; includeInIndex = 0; path = Reader.app; sourceTree = BUILT_PRODUCTS_DIR; };
		45229A61214ED16E00BBC4C4 /* AppDelegate.swift */ = {isa = PBXFileReference; lastKnownFileType = sourcecode.swift; path = AppDelegate.swift; sourceTree = "<group>"; };
		45229A63214ED16E00BBC4C4 /* ViewController.swift */ = {isa = PBXFileReference; lastKnownFileType = sourcecode.swift; path = ViewController.swift; sourceTree = "<group>"; };
		45229A66214ED16E00BBC4C4 /* Base */ = {isa = PBXFileReference; lastKnownFileType = file.storyboard; name = Base; path = Base.lproj/Main.storyboard; sourceTree = "<group>"; };
		45229A68214ED17000BBC4C4 /* Assets.xcassets */ = {isa = PBXFileReference; lastKnownFileType = folder.assetcatalog; path = Assets.xcassets; sourceTree = "<group>"; };
		45229A6B214ED17000BBC4C4 /* Base */ = {isa = PBXFileReference; lastKnownFileType = file.storyboard; name = Base; path = Base.lproj/LaunchScreen.storyboard; sourceTree = "<group>"; };
		45229A6D214ED17000BBC4C4 /* Info.plist */ = {isa = PBXFileReference; lastKnownFileType = text.plist.xml; path = Info.plist; sourceTree = "<group>"; };
		45239795214ED337004821C4 /* small.epub */ = {isa = PBXFileReference; lastKnownFileType = file; path = small.epub; sourceTree = "<group>"; };
		45239797214ED34F004821C4 /* big.epub */ = {isa = PBXFileReference; lastKnownFileType = file; path = big.epub; sourceTree = "<group>"; };
		4523979A214ED873004821C4 /* Epub.swift */ = {isa = PBXFileReference; fileEncoding = 4; lastKnownFileType = sourcecode.swift; path = Epub.swift; sourceTree = "<group>"; };
		452397C6214EDC96004821C4 /* Extensions.swift */ = {isa = PBXFileReference; fileEncoding = 4; lastKnownFileType = sourcecode.swift; path = Extensions.swift; sourceTree = "<group>"; };
		45E5331E21537A1E006E59A0 /* WeakObjectCollection.swift */ = {isa = PBXFileReference; fileEncoding = 4; lastKnownFileType = sourcecode.swift; path = WeakObjectCollection.swift; sourceTree = "<group>"; };
		45E5331F21537A1E006E59A0 /* Observable.swift */ = {isa = PBXFileReference; fileEncoding = 4; lastKnownFileType = sourcecode.swift; path = Observable.swift; sourceTree = "<group>"; };
		45E5332021537A1E006E59A0 /* AutoLayout.swift */ = {isa = PBXFileReference; fileEncoding = 4; lastKnownFileType = sourcecode.swift; path = AutoLayout.swift; sourceTree = "<group>"; };
		45E5332121537A1E006E59A0 /* Bindable.swift */ = {isa = PBXFileReference; fileEncoding = 4; lastKnownFileType = sourcecode.swift; path = Bindable.swift; sourceTree = "<group>"; };
		45E5332B21537CD1006E59A0 /* ChapterCellView.xib */ = {isa = PBXFileReference; lastKnownFileType = file.xib; path = ChapterCellView.xib; sourceTree = "<group>"; };
		45E5332D21537CDF006E59A0 /* ChapterCellView.swift */ = {isa = PBXFileReference; lastKnownFileType = sourcecode.swift; path = ChapterCellView.swift; sourceTree = "<group>"; };
		45E5332F215382B5006E59A0 /* Window.swift */ = {isa = PBXFileReference; fileEncoding = 4; lastKnownFileType = sourcecode.swift; path = Window.swift; sourceTree = "<group>"; };
		45E533392154B9E7006E59A0 /* FRBook.swift */ = {isa = PBXFileReference; fileEncoding = 4; lastKnownFileType = sourcecode.swift; path = FRBook.swift; sourceTree = "<group>"; };
		45E5333A2154B9E7006E59A0 /* MediaType.swift */ = {isa = PBXFileReference; fileEncoding = 4; lastKnownFileType = sourcecode.swift; path = MediaType.swift; sourceTree = "<group>"; };
		45E5333B2154B9E7006E59A0 /* FRTocReference.swift */ = {isa = PBXFileReference; fileEncoding = 4; lastKnownFileType = sourcecode.swift; path = FRTocReference.swift; sourceTree = "<group>"; };
		45E5333C2154B9E7006E59A0 /* FRResources.swift */ = {isa = PBXFileReference; fileEncoding = 4; lastKnownFileType = sourcecode.swift; path = FRResources.swift; sourceTree = "<group>"; };
		45E5333D2154B9E8006E59A0 /* FRMetadata.swift */ = {isa = PBXFileReference; fileEncoding = 4; lastKnownFileType = sourcecode.swift; path = FRMetadata.swift; sourceTree = "<group>"; };
		45E5333E2154B9E8006E59A0 /* FRSmils.swift */ = {isa = PBXFileReference; fileEncoding = 4; lastKnownFileType = sourcecode.swift; path = FRSmils.swift; sourceTree = "<group>"; };
		45E5333F2154B9E8006E59A0 /* FRSmilElement.swift */ = {isa = PBXFileReference; fileEncoding = 4; lastKnownFileType = sourcecode.swift; path = FRSmilElement.swift; sourceTree = "<group>"; };
		45E533402154B9E8006E59A0 /* FRResource.swift */ = {isa = PBXFileReference; fileEncoding = 4; lastKnownFileType = sourcecode.swift; path = FRResource.swift; sourceTree = "<group>"; };
		45E533412154B9E8006E59A0 /* FREpubParser.swift */ = {isa = PBXFileReference; fileEncoding = 4; lastKnownFileType = sourcecode.swift; path = FREpubParser.swift; sourceTree = "<group>"; };
		45E533422154B9E8006E59A0 /* FRSpine.swift */ = {isa = PBXFileReference; fileEncoding = 4; lastKnownFileType = sourcecode.swift; path = FRSpine.swift; sourceTree = "<group>"; };
		7AFA418F424D64839712E6CD /* Pods-Reader.debug.xcconfig */ = {isa = PBXFileReference; includeInIndex = 1; lastKnownFileType = text.xcconfig; name = "Pods-Reader.debug.xcconfig"; path = "Pods/Target Support Files/Pods-Reader/Pods-Reader.debug.xcconfig"; sourceTree = "<group>"; };
		FE7A20D2F35D238051F98DB0 /* Pods-Reader.release.xcconfig */ = {isa = PBXFileReference; includeInIndex = 1; lastKnownFileType = text.xcconfig; name = "Pods-Reader.release.xcconfig"; path = "Pods/Target Support Files/Pods-Reader/Pods-Reader.release.xcconfig"; sourceTree = "<group>"; };
/* End PBXFileReference section */

/* Begin PBXFrameworksBuildPhase section */
		45229A5B214ED16E00BBC4C4 /* Frameworks */ = {
			isa = PBXFrameworksBuildPhase;
			buildActionMask = 2147483647;
			files = (
				A757B9E752443118C67D9FA8 /* Pods_Reader.framework in Frameworks */,
			);
			runOnlyForDeploymentPostprocessing = 0;
		};
/* End PBXFrameworksBuildPhase section */

/* Begin PBXGroup section */
		45229A55214ED16E00BBC4C4 = {
			isa = PBXGroup;
			children = (
				45229A60214ED16E00BBC4C4 /* Reader */,
				45229A5F214ED16E00BBC4C4 /* Products */,
				F99ACE1AA27B792BCE90F22F /* Pods */,
				FEF0DFFB20BCBB39112B1CE2 /* Frameworks */,
			);
			sourceTree = "<group>";
		};
		45229A5F214ED16E00BBC4C4 /* Products */ = {
			isa = PBXGroup;
			children = (
				45229A5E214ED16E00BBC4C4 /* Reader.app */,
			);
			name = Products;
			sourceTree = "<group>";
		};
		45229A60214ED16E00BBC4C4 /* Reader */ = {
			isa = PBXGroup;
			children = (
				45E533382154B983006E59A0 /* Epub */,
				45229A61214ED16E00BBC4C4 /* AppDelegate.swift */,
				45229A63214ED16E00BBC4C4 /* ViewController.swift */,
				45E5332F215382B5006E59A0 /* Window.swift */,
				452397C6214EDC96004821C4 /* Extensions.swift */,
				45E533312153DBEF006E59A0 /* Resources */,
				45E5331D21537A1E006E59A0 /* Observable */,
				45239799214ED354004821C4 /* Books */,
				45E5332B21537CD1006E59A0 /* ChapterCellView.xib */,
				45E5332D21537CDF006E59A0 /* ChapterCellView.swift */,
				45E5332021537A1E006E59A0 /* AutoLayout.swift */,
				45E5332121537A1E006E59A0 /* Bindable.swift */,
				45229A6D214ED17000BBC4C4 /* Info.plist */,
			);
			path = Reader;
			sourceTree = "<group>";
		};
		45239799214ED354004821C4 /* Books */ = {
			isa = PBXGroup;
			children = (
				4523979A214ED873004821C4 /* Epub.swift */,
				45239797214ED34F004821C4 /* big.epub */,
				45239795214ED337004821C4 /* small.epub */,
			);
			path = Books;
			sourceTree = "<group>";
		};
		45E5331D21537A1E006E59A0 /* Observable */ = {
			isa = PBXGroup;
			children = (
				45E5331E21537A1E006E59A0 /* WeakObjectCollection.swift */,
				45E5331F21537A1E006E59A0 /* Observable.swift */,
			);
			path = Observable;
			sourceTree = "<group>";
		};
		45E533312153DBEF006E59A0 /* Resources */ = {
			isa = PBXGroup;
			children = (
				45229A65214ED16E00BBC4C4 /* Main.storyboard */,
				45229A68214ED17000BBC4C4 /* Assets.xcassets */,
				45229A6A214ED17000BBC4C4 /* LaunchScreen.storyboard */,
			);
			path = Resources;
			sourceTree = "<group>";
		};
		45E533382154B983006E59A0 /* Epub */ = {
			isa = PBXGroup;
			children = (
				45E533392154B9E7006E59A0 /* FRBook.swift */,
				45E533412154B9E8006E59A0 /* FREpubParser.swift */,
				45E5333D2154B9E8006E59A0 /* FRMetadata.swift */,
				45E533402154B9E8006E59A0 /* FRResource.swift */,
				45E5333C2154B9E7006E59A0 /* FRResources.swift */,
				45E5333F2154B9E8006E59A0 /* FRSmilElement.swift */,
				45E5333E2154B9E8006E59A0 /* FRSmils.swift */,
				45E533422154B9E8006E59A0 /* FRSpine.swift */,
				45E5333B2154B9E7006E59A0 /* FRTocReference.swift */,
				45E5333A2154B9E7006E59A0 /* MediaType.swift */,
			);
			path = Epub;
			sourceTree = "<group>";
		};
		F99ACE1AA27B792BCE90F22F /* Pods */ = {
			isa = PBXGroup;
			children = (
				7AFA418F424D64839712E6CD /* Pods-Reader.debug.xcconfig */,
				FE7A20D2F35D238051F98DB0 /* Pods-Reader.release.xcconfig */,
			);
			name = Pods;
			sourceTree = "<group>";
		};
		FEF0DFFB20BCBB39112B1CE2 /* Frameworks */ = {
			isa = PBXGroup;
			children = (
				1F4D38EAE70FE09924EAAC26 /* Pods_Reader.framework */,
			);
			name = Frameworks;
			sourceTree = "<group>";
		};
/* End PBXGroup section */

/* Begin PBXNativeTarget section */
		45229A5D214ED16E00BBC4C4 /* Reader */ = {
			isa = PBXNativeTarget;
			buildConfigurationList = 45229A70214ED17000BBC4C4 /* Build configuration list for PBXNativeTarget "Reader" */;
			buildPhases = (
				65831480820D7312727BEFD3 /* [CP] Check Pods Manifest.lock */,
				45229A5A214ED16E00BBC4C4 /* Sources */,
				45229A5B214ED16E00BBC4C4 /* Frameworks */,
				45229A5C214ED16E00BBC4C4 /* Resources */,
				E7ECFE11EF8AEE4087CA7DA0 /* [CP] Embed Pods Frameworks */,
			);
			buildRules = (
			);
			dependencies = (
			);
			name = Reader;
			productName = Reader;
			productReference = 45229A5E214ED16E00BBC4C4 /* Reader.app */;
			productType = "com.apple.product-type.application";
		};
/* End PBXNativeTarget section */

/* Begin PBXProject section */
		45229A56214ED16E00BBC4C4 /* Project object */ = {
			isa = PBXProject;
			attributes = {
				LastSwiftUpdateCheck = 0940;
				LastUpgradeCheck = 0940;
				ORGANIZATIONNAME = Siberian;
				TargetAttributes = {
					45229A5D214ED16E00BBC4C4 = {
						CreatedOnToolsVersion = 9.4.1;
					};
				};
			};
			buildConfigurationList = 45229A59214ED16E00BBC4C4 /* Build configuration list for PBXProject "Reader" */;
			compatibilityVersion = "Xcode 9.3";
			developmentRegion = en;
			hasScannedForEncodings = 0;
			knownRegions = (
				en,
				Base,
			);
			mainGroup = 45229A55214ED16E00BBC4C4;
			productRefGroup = 45229A5F214ED16E00BBC4C4 /* Products */;
			projectDirPath = "";
			projectRoot = "";
			targets = (
				45229A5D214ED16E00BBC4C4 /* Reader */,
			);
		};
/* End PBXProject section */

/* Begin PBXResourcesBuildPhase section */
		45229A5C214ED16E00BBC4C4 /* Resources */ = {
			isa = PBXResourcesBuildPhase;
			buildActionMask = 2147483647;
			files = (
				45229A6C214ED17000BBC4C4 /* LaunchScreen.storyboard in Resources */,
				45239796214ED338004821C4 /* small.epub in Resources */,
				45229A69214ED17000BBC4C4 /* Assets.xcassets in Resources */,
				45229A67214ED16E00BBC4C4 /* Main.storyboard in Resources */,
				45E5332C21537CD1006E59A0 /* ChapterCellView.xib in Resources */,
				45239798214ED350004821C4 /* big.epub in Resources */,
			);
			runOnlyForDeploymentPostprocessing = 0;
		};
/* End PBXResourcesBuildPhase section */

/* Begin PBXShellScriptBuildPhase section */
		65831480820D7312727BEFD3 /* [CP] Check Pods Manifest.lock */ = {
			isa = PBXShellScriptBuildPhase;
			buildActionMask = 2147483647;
			files = (
			);
			inputPaths = (
				"${PODS_PODFILE_DIR_PATH}/Podfile.lock",
				"${PODS_ROOT}/Manifest.lock",
			);
			name = "[CP] Check Pods Manifest.lock";
			outputPaths = (
				"$(DERIVED_FILE_DIR)/Pods-Reader-checkManifestLockResult.txt",
			);
			runOnlyForDeploymentPostprocessing = 0;
			shellPath = /bin/sh;
			shellScript = "diff \"${PODS_PODFILE_DIR_PATH}/Podfile.lock\" \"${PODS_ROOT}/Manifest.lock\" > /dev/null\nif [ $? != 0 ] ; then\n    # print error to STDERR\n    echo \"error: The sandbox is not in sync with the Podfile.lock. Run 'pod install' or update your CocoaPods installation.\" >&2\n    exit 1\nfi\n# This output is used by Xcode 'outputs' to avoid re-running this script phase.\necho \"SUCCESS\" > \"${SCRIPT_OUTPUT_FILE_0}\"\n";
			showEnvVarsInLog = 0;
		};
		E7ECFE11EF8AEE4087CA7DA0 /* [CP] Embed Pods Frameworks */ = {
			isa = PBXShellScriptBuildPhase;
			buildActionMask = 2147483647;
			files = (
			);
			inputPaths = (
				"${SRCROOT}/Pods/Target Support Files/Pods-Reader/Pods-Reader-frameworks.sh",
				"${BUILT_PRODUCTS_DIR}/AEXML/AEXML.framework",
				"${BUILT_PRODUCTS_DIR}/SSZipArchive/SSZipArchive.framework",
			);
			name = "[CP] Embed Pods Frameworks";
			outputPaths = (
				"${TARGET_BUILD_DIR}/${FRAMEWORKS_FOLDER_PATH}/AEXML.framework",
				"${TARGET_BUILD_DIR}/${FRAMEWORKS_FOLDER_PATH}/SSZipArchive.framework",
			);
			runOnlyForDeploymentPostprocessing = 0;
			shellPath = /bin/sh;
			shellScript = "\"${SRCROOT}/Pods/Target Support Files/Pods-Reader/Pods-Reader-frameworks.sh\"\n";
			showEnvVarsInLog = 0;
		};
/* End PBXShellScriptBuildPhase section */

/* Begin PBXSourcesBuildPhase section */
		45229A5A214ED16E00BBC4C4 /* Sources */ = {
			isa = PBXSourcesBuildPhase;
			buildActionMask = 2147483647;
			files = (
				45E533442154B9E9006E59A0 /* MediaType.swift in Sources */,
				45E5334B2154B9E9006E59A0 /* FREpubParser.swift in Sources */,
				45E533492154B9E9006E59A0 /* FRSmilElement.swift in Sources */,
				45E5332521537A1F006E59A0 /* Observable.swift in Sources */,
				4523979B214ED873004821C4 /* Epub.swift in Sources */,
				45E533472154B9E9006E59A0 /* FRMetadata.swift in Sources */,
				45229A64214ED16E00BBC4C4 /* ViewController.swift in Sources */,
				45E5334C2154B9E9006E59A0 /* FRSpine.swift in Sources */,
				45E5332421537A1F006E59A0 /* WeakObjectCollection.swift in Sources */,
				45E5332721537A1F006E59A0 /* Bindable.swift in Sources */,
				45E533452154B9E9006E59A0 /* FRTocReference.swift in Sources */,
				45E533482154B9E9006E59A0 /* FRSmils.swift in Sources */,
				45229A62214ED16E00BBC4C4 /* AppDelegate.swift in Sources */,
				45E5332E21537CDF006E59A0 /* ChapterCellView.swift in Sources */,
				45E533432154B9E9006E59A0 /* FRBook.swift in Sources */,
				45E5334A2154B9E9006E59A0 /* FRResource.swift in Sources */,
				45E5332621537A1F006E59A0 /* AutoLayout.swift in Sources */,
				45E533462154B9E9006E59A0 /* FRResources.swift in Sources */,
				452397C7214EDC97004821C4 /* Extensions.swift in Sources */,
				45E53330215382B6006E59A0 /* Window.swift in Sources */,
			);
			runOnlyForDeploymentPostprocessing = 0;
		};
/* End PBXSourcesBuildPhase section */

/* Begin PBXVariantGroup section */
		45229A65214ED16E00BBC4C4 /* Main.storyboard */ = {
			isa = PBXVariantGroup;
			children = (
				45229A66214ED16E00BBC4C4 /* Base */,
			);
			name = Main.storyboard;
			sourceTree = "<group>";
		};
		45229A6A214ED17000BBC4C4 /* LaunchScreen.storyboard */ = {
			isa = PBXVariantGroup;
			children = (
				45229A6B214ED17000BBC4C4 /* Base */,
			);
			name = LaunchScreen.storyboard;
			sourceTree = "<group>";
		};
/* End PBXVariantGroup section */

/* Begin XCBuildConfiguration section */
		45229A6E214ED17000BBC4C4 /* Debug */ = {
			isa = XCBuildConfiguration;
			buildSettings = {
				ALWAYS_SEARCH_USER_PATHS = NO;
				CLANG_ANALYZER_NONNULL = YES;
				CLANG_ANALYZER_NUMBER_OBJECT_CONVERSION = YES_AGGRESSIVE;
				CLANG_CXX_LANGUAGE_STANDARD = "gnu++14";
				CLANG_CXX_LIBRARY = "libc++";
				CLANG_ENABLE_MODULES = YES;
				CLANG_ENABLE_OBJC_ARC = YES;
				CLANG_ENABLE_OBJC_WEAK = YES;
				CLANG_WARN_BLOCK_CAPTURE_AUTORELEASING = YES;
				CLANG_WARN_BOOL_CONVERSION = YES;
				CLANG_WARN_COMMA = YES;
				CLANG_WARN_CONSTANT_CONVERSION = YES;
				CLANG_WARN_DEPRECATED_OBJC_IMPLEMENTATIONS = YES;
				CLANG_WARN_DIRECT_OBJC_ISA_USAGE = YES_ERROR;
				CLANG_WARN_DOCUMENTATION_COMMENTS = YES;
				CLANG_WARN_EMPTY_BODY = YES;
				CLANG_WARN_ENUM_CONVERSION = YES;
				CLANG_WARN_INFINITE_RECURSION = YES;
				CLANG_WARN_INT_CONVERSION = YES;
				CLANG_WARN_NON_LITERAL_NULL_CONVERSION = YES;
				CLANG_WARN_OBJC_IMPLICIT_RETAIN_SELF = YES;
				CLANG_WARN_OBJC_LITERAL_CONVERSION = YES;
				CLANG_WARN_OBJC_ROOT_CLASS = YES_ERROR;
				CLANG_WARN_RANGE_LOOP_ANALYSIS = YES;
				CLANG_WARN_STRICT_PROTOTYPES = YES;
				CLANG_WARN_SUSPICIOUS_MOVE = YES;
				CLANG_WARN_UNGUARDED_AVAILABILITY = YES_AGGRESSIVE;
				CLANG_WARN_UNREACHABLE_CODE = YES;
				CLANG_WARN__DUPLICATE_METHOD_MATCH = YES;
				CODE_SIGN_IDENTITY = "iPhone Developer";
				COPY_PHASE_STRIP = NO;
				DEBUG_INFORMATION_FORMAT = dwarf;
				ENABLE_STRICT_OBJC_MSGSEND = YES;
				ENABLE_TESTABILITY = YES;
				GCC_C_LANGUAGE_STANDARD = gnu11;
				GCC_DYNAMIC_NO_PIC = NO;
				GCC_NO_COMMON_BLOCKS = YES;
				GCC_OPTIMIZATION_LEVEL = 0;
				GCC_PREPROCESSOR_DEFINITIONS = (
					"DEBUG=1",
					"$(inherited)",
				);
				GCC_WARN_64_TO_32_BIT_CONVERSION = YES;
				GCC_WARN_ABOUT_RETURN_TYPE = YES_ERROR;
				GCC_WARN_UNDECLARED_SELECTOR = YES;
				GCC_WARN_UNINITIALIZED_AUTOS = YES_AGGRESSIVE;
				GCC_WARN_UNUSED_FUNCTION = YES;
				GCC_WARN_UNUSED_VARIABLE = YES;
				IPHONEOS_DEPLOYMENT_TARGET = 11.4;
				MTL_ENABLE_DEBUG_INFO = YES;
				ONLY_ACTIVE_ARCH = YES;
				SDKROOT = iphoneos;
				SWIFT_ACTIVE_COMPILATION_CONDITIONS = DEBUG;
				SWIFT_OPTIMIZATION_LEVEL = "-Onone";
			};
			name = Debug;
		};
		45229A6F214ED17000BBC4C4 /* Release */ = {
			isa = XCBuildConfiguration;
			buildSettings = {
				ALWAYS_SEARCH_USER_PATHS = NO;
				CLANG_ANALYZER_NONNULL = YES;
				CLANG_ANALYZER_NUMBER_OBJECT_CONVERSION = YES_AGGRESSIVE;
				CLANG_CXX_LANGUAGE_STANDARD = "gnu++14";
				CLANG_CXX_LIBRARY = "libc++";
				CLANG_ENABLE_MODULES = YES;
				CLANG_ENABLE_OBJC_ARC = YES;
				CLANG_ENABLE_OBJC_WEAK = YES;
				CLANG_WARN_BLOCK_CAPTURE_AUTORELEASING = YES;
				CLANG_WARN_BOOL_CONVERSION = YES;
				CLANG_WARN_COMMA = YES;
				CLANG_WARN_CONSTANT_CONVERSION = YES;
				CLANG_WARN_DEPRECATED_OBJC_IMPLEMENTATIONS = YES;
				CLANG_WARN_DIRECT_OBJC_ISA_USAGE = YES_ERROR;
				CLANG_WARN_DOCUMENTATION_COMMENTS = YES;
				CLANG_WARN_EMPTY_BODY = YES;
				CLANG_WARN_ENUM_CONVERSION = YES;
				CLANG_WARN_INFINITE_RECURSION = YES;
				CLANG_WARN_INT_CONVERSION = YES;
				CLANG_WARN_NON_LITERAL_NULL_CONVERSION = YES;
				CLANG_WARN_OBJC_IMPLICIT_RETAIN_SELF = YES;
				CLANG_WARN_OBJC_LITERAL_CONVERSION = YES;
				CLANG_WARN_OBJC_ROOT_CLASS = YES_ERROR;
				CLANG_WARN_RANGE_LOOP_ANALYSIS = YES;
				CLANG_WARN_STRICT_PROTOTYPES = YES;
				CLANG_WARN_SUSPICIOUS_MOVE = YES;
				CLANG_WARN_UNGUARDED_AVAILABILITY = YES_AGGRESSIVE;
				CLANG_WARN_UNREACHABLE_CODE = YES;
				CLANG_WARN__DUPLICATE_METHOD_MATCH = YES;
				CODE_SIGN_IDENTITY = "iPhone Developer";
				COPY_PHASE_STRIP = NO;
				DEBUG_INFORMATION_FORMAT = "dwarf-with-dsym";
				ENABLE_NS_ASSERTIONS = NO;
				ENABLE_STRICT_OBJC_MSGSEND = YES;
				GCC_C_LANGUAGE_STANDARD = gnu11;
				GCC_NO_COMMON_BLOCKS = YES;
				GCC_WARN_64_TO_32_BIT_CONVERSION = YES;
				GCC_WARN_ABOUT_RETURN_TYPE = YES_ERROR;
				GCC_WARN_UNDECLARED_SELECTOR = YES;
				GCC_WARN_UNINITIALIZED_AUTOS = YES_AGGRESSIVE;
				GCC_WARN_UNUSED_FUNCTION = YES;
				GCC_WARN_UNUSED_VARIABLE = YES;
				IPHONEOS_DEPLOYMENT_TARGET = 11.4;
				MTL_ENABLE_DEBUG_INFO = NO;
				SDKROOT = iphoneos;
				SWIFT_COMPILATION_MODE = wholemodule;
				SWIFT_OPTIMIZATION_LEVEL = "-O";
				VALIDATE_PRODUCT = YES;
			};
			name = Release;
		};
		45229A71214ED17000BBC4C4 /* Debug */ = {
			isa = XCBuildConfiguration;
			baseConfigurationReference = 7AFA418F424D64839712E6CD /* Pods-Reader.debug.xcconfig */;
			buildSettings = {
				ASSETCATALOG_COMPILER_APPICON_NAME = AppIcon;
				CODE_SIGN_STYLE = Automatic;
				DEVELOPMENT_TEAM = 3L3DCM9DLL;
				INFOPLIST_FILE = Reader/Info.plist;
				LD_RUNPATH_SEARCH_PATHS = (
					"$(inherited)",
					"@executable_path/Frameworks",
				);
				PRODUCT_BUNDLE_IDENTIFIER = ru.aeroclub.Reader;
				PRODUCT_NAME = "$(TARGET_NAME)";
				SWIFT_VERSION = 4.0;
				TARGETED_DEVICE_FAMILY = "1,2";
			};
			name = Debug;
		};
		45229A72214ED17000BBC4C4 /* Release */ = {
			isa = XCBuildConfiguration;
			baseConfigurationReference = FE7A20D2F35D238051F98DB0 /* Pods-Reader.release.xcconfig */;
			buildSettings = {
				ASSETCATALOG_COMPILER_APPICON_NAME = AppIcon;
				CODE_SIGN_STYLE = Automatic;
				DEVELOPMENT_TEAM = 3L3DCM9DLL;
				INFOPLIST_FILE = Reader/Info.plist;
				LD_RUNPATH_SEARCH_PATHS = (
					"$(inherited)",
					"@executable_path/Frameworks",
				);
				PRODUCT_BUNDLE_IDENTIFIER = ru.aeroclub.Reader;
				PRODUCT_NAME = "$(TARGET_NAME)";
				SWIFT_VERSION = 4.0;
				TARGETED_DEVICE_FAMILY = "1,2";
			};
			name = Release;
		};
/* End XCBuildConfiguration section */

/* Begin XCConfigurationList section */
		45229A59214ED16E00BBC4C4 /* Build configuration list for PBXProject "Reader" */ = {
			isa = XCConfigurationList;
			buildConfigurations = (
				45229A6E214ED17000BBC4C4 /* Debug */,
				45229A6F214ED17000BBC4C4 /* Release */,
			);
			defaultConfigurationIsVisible = 0;
			defaultConfigurationName = Release;
		};
		45229A70214ED17000BBC4C4 /* Build configuration list for PBXNativeTarget "Reader" */ = {
			isa = XCConfigurationList;
			buildConfigurations = (
				45229A71214ED17000BBC4C4 /* Debug */,
				45229A72214ED17000BBC4C4 /* Release */,
			);
			defaultConfigurationIsVisible = 0;
			defaultConfigurationName = Release;
		};
/* End XCConfigurationList section */
	};
	rootObject = 45229A56214ED16E00BBC4C4 /* Project object */;
}
